
Microsoft Visual Studio Solution File, Format Version 12.00
# Visual Studio Version 17
VisualStudioVersion = 17.0.31903.59
MinimumVisualStudioVersion = 10.0.40219.1
Project("{FAE04EC0-301F-11D3-BF4B-00C04F79EFBC}") = "Lide.Demo.Exchange.Core", "Lide.Demo.Exchange.Core\Lide.Demo.Exchange.Core.csproj", "{3808CCCE-7282-44F0-BBA1-C73A1B951F7A}"
EndProject
Project("{FAE04EC0-301F-11D3-BF4B-00C04F79EFBC}") = "Lide.Demo.Exchange.Test", "Lide.Demo.Exchange.Test\Lide.Demo.Exchange.Test.csproj", "{2DB8E283-1FE4-4E7F-B2EE-19D5E4296913}"
EndProject
Project("{FAE04EC0-301F-11D3-BF4B-00C04F79EFBC}") = "Lide.Demo.Exchange.WebAPI", "Lide.Demo.Exchange.WebAPI\Lide.Demo.Exchange.WebAPI.csproj", "{90C2613C-19DE-49B0-947B-B6A6CEA4A541}"
EndProject
Project("{FAE04EC0-301F-11D3-BF4B-00C04F79EFBC}") = "Lide.Demo.Exchange.Client", "Lide.Demo.Exchange.Client\Lide.Demo.Exchange.Client.csproj", "{CA59131D-BEBD-4484-B1EB-1A453C4DA4B8}"
EndProject
Project("{FAE04EC0-301F-11D3-BF4B-00C04F79EFBC}") = "Lide.Demo.Exchange.Model", "Lide.Demo.Exchange.Model\Lide.Demo.Exchange.Model.csproj", "{CA59131D-BEBD-4484-B1EB-1A453C4DA4B9}"
EndProject
Project("{FAE04EC0-301F-11D3-BF4B-00C04F79EFBC}") = "Lide.Demo.Exchange.DAL", "Lide.Demo.Exchange.DAL\Lide.Demo.Exchange.DAL.csproj", "{26A0AEF3-E297-47F8-8DA7-994EAA3AB555}"
EndProject
Global
	GlobalSection(SolutionConfigurationPlatforms) = preSolution
		Debug|Any CPU = Debug|Any CPU
		Release|Any CPU = Release|Any CPU
	EndGlobalSection
	GlobalSection(SolutionProperties) = preSolution
		HideSolutionNode = FALSE
	EndGlobalSection
	GlobalSection(ProjectConfigurationPlatforms) = postSolution
		{3808CCCE-7282-44F0-BBA1-C73A1B951F7A}.Debug|Any CPU.ActiveCfg = Debug|Any CPU
		{3808CCCE-7282-44F0-BBA1-C73A1B951F7A}.Debug|Any CPU.Build.0 = Debug|Any CPU
		{3808CCCE-7282-44F0-BBA1-C73A1B951F7A}.Release|Any CPU.ActiveCfg = Release|Any CPU
		{3808CCCE-7282-44F0-BBA1-C73A1B951F7A}.Release|Any CPU.Build.0 = Release|Any CPU
		{2DB8E283-1FE4-4E7F-B2EE-19D5E4296913}.Debug|Any CPU.ActiveCfg = Debug|Any CPU
		{2DB8E283-1FE4-4E7F-B2EE-19D5E4296913}.Debug|Any CPU.Build.0 = Debug|Any CPU
		{2DB8E283-1FE4-4E7F-B2EE-19D5E4296913}.Release|Any CPU.ActiveCfg = Release|Any CPU
		{2DB8E283-1FE4-4E7F-B2EE-19D5E4296913}.Release|Any CPU.Build.0 = Release|Any CPU
		{90C2613C-19DE-49B0-947B-B6A6CEA4A541}.Debug|Any CPU.ActiveCfg = Debug|Any CPU
		{90C2613C-19DE-49B0-947B-B6A6CEA4A541}.Debug|Any CPU.Build.0 = Debug|Any CPU
		{90C2613C-19DE-49B0-947B-B6A6CEA4A541}.Release|Any CPU.ActiveCfg = Release|Any CPU
		{90C2613C-19DE-49B0-947B-B6A6CEA4A541}.Release|Any CPU.Build.0 = Release|Any CPU
		{CA59131D-BEBD-4484-B1EB-1A453C4DA4B8}.Debug|Any CPU.ActiveCfg = Debug|Any CPU
		{CA59131D-BEBD-4484-B1EB-1A453C4DA4B8}.Debug|Any CPU.Build.0 = Debug|Any CPU
		{CA59131D-BEBD-4484-B1EB-1A453C4DA4B8}.Release|Any CPU.ActiveCfg = Release|Any CPU
		{CA59131D-BEBD-4484-B1EB-1A453C4DA4B8}.Release|Any CPU.Build.0 = Release|Any CPU
		{CA59131D-BEBD-4484-B1EB-1A453C4DA4B9}.Debug|Any CPU.ActiveCfg = Debug|Any CPU
		{CA59131D-BEBD-4484-B1EB-1A453C4DA4B9}.Debug|Any CPU.Build.0 = Debug|Any CPU
		{CA59131D-BEBD-4484-B1EB-1A453C4DA4B9}.Release|Any CPU.ActiveCfg = Release|Any CPU
		{CA59131D-BEBD-4484-B1EB-1A453C4DA4B9}.Release|Any CPU.Build.0 = Release|Any CPU
		{26A0AEF3-E297-47F8-8DA7-994EAA3AB555}.Debug|Any CPU.ActiveCfg = Debug|Any CPU
		{26A0AEF3-E297-47F8-8DA7-994EAA3AB555}.Debug|Any CPU.Build.0 = Debug|Any CPU
		{26A0AEF3-E297-47F8-8DA7-994EAA3AB555}.Release|Any CPU.ActiveCfg = Release|Any CPU
		{26A0AEF3-E297-47F8-8DA7-994EAA3AB555}.Release|Any CPU.Build.0 = Release|Any CPU
	EndGlobalSection
EndGlobal
