
Microsoft Visual Studio Solution File, Format Version 12.00
Project("{FAE04EC0-301F-11D3-BF4B-00C04F79EFBC}") = "Lide.AsyncProxy.Tests", "test\Lide.AsyncProxy.Tests\Lide.AsyncProxy.Tests.csproj", "{C3C8C24C-5499-4538-AA7E-8AC38FC50B00}"
EndProject
Project("{FAE04EC0-301F-11D3-BF4B-00C04F79EFBC}") = "Lide.TracingProxy.Tests", "test\Lide.TracingProxy.Tests\Lide.TracingProxy.Tests.csproj", "{2B441CA7-F340-460A-AA40-A551A405171B}"
EndProject
Project("{FAE04EC0-301F-11D3-BF4B-00C04F79EFBC}") = "Lide.Core.Tests", "test\Lide.Core.Tests\Lide.Core.Tests.csproj", "{9B3179BB-2471-4725-9E5F-B64BB5A73C6D}"
EndProject
Project("{FAE04EC0-301F-11D3-BF4B-00C04F79EFBC}") = "Lide.Decorators.Tests", "test\Lide.Decorators.Tests\Lide.Decorators.Tests.csproj", "{A34B16A4-C509-4070-8A59-D729B961BD3F}"
EndProject
Project("{FAE04EC0-301F-11D3-BF4B-00C04F79EFBC}") = "Lide.WebApi.Tests", "test\Lide.WebApi.Tests\Lide.WebApi.Tests.csproj", "{9EBE52A0-2C9C-4415-B9DA-FDB20AAD747A}"
EndProject
Project("{2150E333-8FDC-42A3-9474-1A3956D46DE8}") = "Lide.Debugger", "Lide.Debugger", "{F98D0F99-B94D-481E-9EB8-F0E2D9FFFFB2}"
EndProject
Project("{FAE04EC0-301F-11D3-BF4B-00C04F79EFBC}") = "Lide.AsyncProxy", "src\Lide.AsyncProxy\Lide.AsyncProxy.csproj", "{889F4E21-D7BC-493D-B05D-A533F4ADF55B}"
EndProject
Project("{FAE04EC0-301F-11D3-BF4B-00C04F79EFBC}") = "Lide.TracingProxy", "src\Lide.TracingProxy\Lide.TracingProxy.csproj", "{F2F424EA-C70A-4E95-8D97-C742F712A3E5}"
EndProject
Project("{FAE04EC0-301F-11D3-BF4B-00C04F79EFBC}") = "Lide.Core", "src\Lide.Core\Lide.Core.csproj", "{B70C53AE-8CBB-4EA9-8211-44F0A267B39E}"
EndProject
Project("{FAE04EC0-301F-11D3-BF4B-00C04F79EFBC}") = "Lide.Decorators", "src\Lide.Decorators\Lide.Decorators.csproj", "{EDB5F70A-AA13-4201-8C54-6170E0659FD1}"
EndProject
Project("{FAE04EC0-301F-11D3-BF4B-00C04F79EFBC}") = "Lide.WebApi", "src\Lide.WebApi\Lide.WebApi.csproj", "{5C21FDBB-7A24-4ED7-955B-48BD8570E70D}"
EndProject
Project("{FAE04EC0-301F-11D3-BF4B-00C04F79EFBC}") = "Lide.UseMessagePack", "src\Lide.UseMessagePack\Lide.UseMessagePack.csproj", "{103C17B2-FAD7-4E87-AF50-029ED156D2A7}"
EndProject
Project("{FAE04EC0-301F-11D3-BF4B-00C04F79EFBC}") = "Lide.BinarySerialization", "src\Lide.BinarySerialization\Lide.BinarySerialization.csproj", "{688B145B-A097-467A-9568-7A00CEFF2C49}"
EndProject
Global
	GlobalSection(SolutionConfigurationPlatforms) = preSolution
		Debug|Any CPU = Debug|Any CPU
		Release|Any CPU = Release|Any CPU
	EndGlobalSection
	GlobalSection(ProjectConfigurationPlatforms) = postSolution
		{C3C8C24C-5499-4538-AA7E-8AC38FC50B00}.Debug|Any CPU.ActiveCfg = Debug|Any CPU
		{C3C8C24C-5499-4538-AA7E-8AC38FC50B00}.Debug|Any CPU.Build.0 = Debug|Any CPU
		{C3C8C24C-5499-4538-AA7E-8AC38FC50B00}.Release|Any CPU.ActiveCfg = Release|Any CPU
		{C3C8C24C-5499-4538-AA7E-8AC38FC50B00}.Release|Any CPU.Build.0 = Release|Any CPU
		{2B441CA7-F340-460A-AA40-A551A405171B}.Debug|Any CPU.ActiveCfg = Debug|Any CPU
		{2B441CA7-F340-460A-AA40-A551A405171B}.Debug|Any CPU.Build.0 = Debug|Any CPU
		{2B441CA7-F340-460A-AA40-A551A405171B}.Release|Any CPU.ActiveCfg = Release|Any CPU
		{2B441CA7-F340-460A-AA40-A551A405171B}.Release|Any CPU.Build.0 = Release|Any CPU
		{9B3179BB-2471-4725-9E5F-B64BB5A73C6D}.Debug|Any CPU.ActiveCfg = Debug|Any CPU
		{9B3179BB-2471-4725-9E5F-B64BB5A73C6D}.Debug|Any CPU.Build.0 = Debug|Any CPU
		{9B3179BB-2471-4725-9E5F-B64BB5A73C6D}.Release|Any CPU.ActiveCfg = Release|Any CPU
		{9B3179BB-2471-4725-9E5F-B64BB5A73C6D}.Release|Any CPU.Build.0 = Release|Any CPU
		{A34B16A4-C509-4070-8A59-D729B961BD3F}.Debug|Any CPU.ActiveCfg = Debug|Any CPU
		{A34B16A4-C509-4070-8A59-D729B961BD3F}.Debug|Any CPU.Build.0 = Debug|Any CPU
		{A34B16A4-C509-4070-8A59-D729B961BD3F}.Release|Any CPU.ActiveCfg = Release|Any CPU
		{A34B16A4-C509-4070-8A59-D729B961BD3F}.Release|Any CPU.Build.0 = Release|Any CPU
		{9EBE52A0-2C9C-4415-B9DA-FDB20AAD747A}.Debug|Any CPU.ActiveCfg = Debug|Any CPU
		{9EBE52A0-2C9C-4415-B9DA-FDB20AAD747A}.Debug|Any CPU.Build.0 = Debug|Any CPU
		{9EBE52A0-2C9C-4415-B9DA-FDB20AAD747A}.Release|Any CPU.ActiveCfg = Release|Any CPU
		{9EBE52A0-2C9C-4415-B9DA-FDB20AAD747A}.Release|Any CPU.Build.0 = Release|Any CPU
		{889F4E21-D7BC-493D-B05D-A533F4ADF55B}.Debug|Any CPU.ActiveCfg = Debug|Any CPU
		{889F4E21-D7BC-493D-B05D-A533F4ADF55B}.Debug|Any CPU.Build.0 = Debug|Any CPU
		{889F4E21-D7BC-493D-B05D-A533F4ADF55B}.Release|Any CPU.ActiveCfg = Release|Any CPU
		{889F4E21-D7BC-493D-B05D-A533F4ADF55B}.Release|Any CPU.Build.0 = Release|Any CPU
		{F2F424EA-C70A-4E95-8D97-C742F712A3E5}.Debug|Any CPU.ActiveCfg = Debug|Any CPU
		{F2F424EA-C70A-4E95-8D97-C742F712A3E5}.Debug|Any CPU.Build.0 = Debug|Any CPU
		{F2F424EA-C70A-4E95-8D97-C742F712A3E5}.Release|Any CPU.ActiveCfg = Release|Any CPU
		{F2F424EA-C70A-4E95-8D97-C742F712A3E5}.Release|Any CPU.Build.0 = Release|Any CPU
		{B70C53AE-8CBB-4EA9-8211-44F0A267B39E}.Debug|Any CPU.ActiveCfg = Debug|Any CPU
		{B70C53AE-8CBB-4EA9-8211-44F0A267B39E}.Debug|Any CPU.Build.0 = Debug|Any CPU
		{B70C53AE-8CBB-4EA9-8211-44F0A267B39E}.Release|Any CPU.ActiveCfg = Release|Any CPU
		{B70C53AE-8CBB-4EA9-8211-44F0A267B39E}.Release|Any CPU.Build.0 = Release|Any CPU
		{EDB5F70A-AA13-4201-8C54-6170E0659FD1}.Debug|Any CPU.ActiveCfg = Debug|Any CPU
		{EDB5F70A-AA13-4201-8C54-6170E0659FD1}.Debug|Any CPU.Build.0 = Debug|Any CPU
		{EDB5F70A-AA13-4201-8C54-6170E0659FD1}.Release|Any CPU.ActiveCfg = Release|Any CPU
		{EDB5F70A-AA13-4201-8C54-6170E0659FD1}.Release|Any CPU.Build.0 = Release|Any CPU
		{5C21FDBB-7A24-4ED7-955B-48BD8570E70D}.Debug|Any CPU.ActiveCfg = Debug|Any CPU
		{5C21FDBB-7A24-4ED7-955B-48BD8570E70D}.Debug|Any CPU.Build.0 = Debug|Any CPU
		{5C21FDBB-7A24-4ED7-955B-48BD8570E70D}.Release|Any CPU.ActiveCfg = Release|Any CPU
		{5C21FDBB-7A24-4ED7-955B-48BD8570E70D}.Release|Any CPU.Build.0 = Release|Any CPU
		{103C17B2-FAD7-4E87-AF50-029ED156D2A7}.Debug|Any CPU.ActiveCfg = Debug|Any CPU
		{103C17B2-FAD7-4E87-AF50-029ED156D2A7}.Debug|Any CPU.Build.0 = Debug|Any CPU
		{103C17B2-FAD7-4E87-AF50-029ED156D2A7}.Release|Any CPU.ActiveCfg = Release|Any CPU
		{103C17B2-FAD7-4E87-AF50-029ED156D2A7}.Release|Any CPU.Build.0 = Release|Any CPU
		{688B145B-A097-467A-9568-7A00CEFF2C49}.Debug|Any CPU.ActiveCfg = Debug|Any CPU
		{688B145B-A097-467A-9568-7A00CEFF2C49}.Debug|Any CPU.Build.0 = Debug|Any CPU
		{688B145B-A097-467A-9568-7A00CEFF2C49}.Release|Any CPU.ActiveCfg = Release|Any CPU
		{688B145B-A097-467A-9568-7A00CEFF2C49}.Release|Any CPU.Build.0 = Release|Any CPU
	EndGlobalSection
	GlobalSection(NestedProjects) = preSolution
		{889F4E21-D7BC-493D-B05D-A533F4ADF55B} = {F98D0F99-B94D-481E-9EB8-F0E2D9FFFFB2}
		{F2F424EA-C70A-4E95-8D97-C742F712A3E5} = {F98D0F99-B94D-481E-9EB8-F0E2D9FFFFB2}
		{B70C53AE-8CBB-4EA9-8211-44F0A267B39E} = {F98D0F99-B94D-481E-9EB8-F0E2D9FFFFB2}
		{EDB5F70A-AA13-4201-8C54-6170E0659FD1} = {F98D0F99-B94D-481E-9EB8-F0E2D9FFFFB2}
		{5C21FDBB-7A24-4ED7-955B-48BD8570E70D} = {F98D0F99-B94D-481E-9EB8-F0E2D9FFFFB2}
		{103C17B2-FAD7-4E87-AF50-029ED156D2A7} = {F98D0F99-B94D-481E-9EB8-F0E2D9FFFFB2}
		{688B145B-A097-467A-9568-7A00CEFF2C49} = {F98D0F99-B94D-481E-9EB8-F0E2D9FFFFB2}
	EndGlobalSection
EndGlobal
