
Microsoft Visual Studio Solution File, Format Version 12.00
# Visual Studio Version 16
VisualStudioVersion = 16.0.29009.5
MinimumVisualStudioVersion = 10.0.40219.1
Project("{FAE04EC0-301F-11D3-BF4B-00C04F79EFBC}") = "TaxCalculator.Services", "TaxCalculator.Services\TaxCalculator.Services.csproj", "{A6B060F6-0397-47F8-95C5-975FB4516A2D}"
EndProject
Project("{FAE04EC0-301F-11D3-BF4B-00C04F79EFBC}") = "TaxCalculator.WebApi", "TaxCalculator.WebApi\TaxCalculator.WebApi.csproj", "{26077843-AFFA-4F42-8DCC-76C3908E32D7}"
EndProject
Project("{FAE04EC0-301F-11D3-BF4B-00C04F79EFBC}") = "Lide.WebApi", "..\..\Source\Lide.WebApi\Lide.WebApi.csproj", "{1EF74283-466B-423A-AE04-5233D6EA211D}"
EndProject
Project("{2150E333-8FDC-42A3-9474-1A3956D46DE8}") = "Source", "Source", "{123EF9AB-6A7E-4267-80BD-24E79B5798EA}"
EndProject
Project("{FAE04EC0-301F-11D3-BF4B-00C04F79EFBC}") = "Lide.TracingProxy", "..\..\Source\Lide.TracingProxy\Lide.TracingProxy.csproj", "{00F4B662-7F0A-4BC0-9DD0-3C3912AF3DB6}"
EndProject
Project("{FAE04EC0-301F-11D3-BF4B-00C04F79EFBC}") = "Lide.Decorators", "..\..\Source\Lide.Decorators\Lide.Decorators.csproj", "{E2A2266A-BA8F-4731-9059-460870C94DA4}"
EndProject
Project("{FAE04EC0-301F-11D3-BF4B-00C04F79EFBC}") = "Lide.Core", "..\..\Source\Lide.Core\Lide.Core.csproj", "{2FCB92D6-5E6E-4DFD-AF44-DBD27391272A}"
EndProject
Project("{FAE04EC0-301F-11D3-BF4B-00C04F79EFBC}") = "Lide.AsyncProxy", "..\..\Source\Lide.AsyncProxy\Lide.AsyncProxy.csproj", "{57F10ECE-E167-4C50-AA31-DAA91E651843}"
EndProject
Project("{FAE04EC0-301F-11D3-BF4B-00C04F79EFBC}") = "TaxCalculator.Test", "TaxCalculator.Test\TaxCalculator.Test.csproj", "{2E02A4A3-ED27-4306-855D-399D43EC2702}"
EndProject
Global
	GlobalSection(SolutionConfigurationPlatforms) = preSolution
		Debug|Any CPU = Debug|Any CPU
		Release|Any CPU = Release|Any CPU
	EndGlobalSection
	GlobalSection(ProjectConfigurationPlatforms) = postSolution
		{A6B060F6-0397-47F8-95C5-975FB4516A2D}.Debug|Any CPU.ActiveCfg = Debug|Any CPU
		{A6B060F6-0397-47F8-95C5-975FB4516A2D}.Debug|Any CPU.Build.0 = Debug|Any CPU
		{A6B060F6-0397-47F8-95C5-975FB4516A2D}.Release|Any CPU.ActiveCfg = Release|Any CPU
		{A6B060F6-0397-47F8-95C5-975FB4516A2D}.Release|Any CPU.Build.0 = Release|Any CPU
		{26077843-AFFA-4F42-8DCC-76C3908E32D7}.Debug|Any CPU.ActiveCfg = Debug|Any CPU
		{26077843-AFFA-4F42-8DCC-76C3908E32D7}.Debug|Any CPU.Build.0 = Debug|Any CPU
		{26077843-AFFA-4F42-8DCC-76C3908E32D7}.Release|Any CPU.ActiveCfg = Release|Any CPU
		{26077843-AFFA-4F42-8DCC-76C3908E32D7}.Release|Any CPU.Build.0 = Release|Any CPU
		{1EF74283-466B-423A-AE04-5233D6EA211D}.Debug|Any CPU.ActiveCfg = Debug|Any CPU
		{1EF74283-466B-423A-AE04-5233D6EA211D}.Debug|Any CPU.Build.0 = Debug|Any CPU
		{1EF74283-466B-423A-AE04-5233D6EA211D}.Release|Any CPU.ActiveCfg = Release|Any CPU
		{1EF74283-466B-423A-AE04-5233D6EA211D}.Release|Any CPU.Build.0 = Release|Any CPU
		{00F4B662-7F0A-4BC0-9DD0-3C3912AF3DB6}.Debug|Any CPU.ActiveCfg = Debug|Any CPU
		{00F4B662-7F0A-4BC0-9DD0-3C3912AF3DB6}.Debug|Any CPU.Build.0 = Debug|Any CPU
		{00F4B662-7F0A-4BC0-9DD0-3C3912AF3DB6}.Release|Any CPU.ActiveCfg = Release|Any CPU
		{00F4B662-7F0A-4BC0-9DD0-3C3912AF3DB6}.Release|Any CPU.Build.0 = Release|Any CPU
		{E2A2266A-BA8F-4731-9059-460870C94DA4}.Debug|Any CPU.ActiveCfg = Debug|Any CPU
		{E2A2266A-BA8F-4731-9059-460870C94DA4}.Debug|Any CPU.Build.0 = Debug|Any CPU
		{E2A2266A-BA8F-4731-9059-460870C94DA4}.Release|Any CPU.ActiveCfg = Release|Any CPU
		{E2A2266A-BA8F-4731-9059-460870C94DA4}.Release|Any CPU.Build.0 = Release|Any CPU
		{2FCB92D6-5E6E-4DFD-AF44-DBD27391272A}.Debug|Any CPU.ActiveCfg = Debug|Any CPU
		{2FCB92D6-5E6E-4DFD-AF44-DBD27391272A}.Debug|Any CPU.Build.0 = Debug|Any CPU
		{2FCB92D6-5E6E-4DFD-AF44-DBD27391272A}.Release|Any CPU.ActiveCfg = Release|Any CPU
		{2FCB92D6-5E6E-4DFD-AF44-DBD27391272A}.Release|Any CPU.Build.0 = Release|Any CPU
		{57F10ECE-E167-4C50-AA31-DAA91E651843}.Debug|Any CPU.ActiveCfg = Debug|Any CPU
		{57F10ECE-E167-4C50-AA31-DAA91E651843}.Debug|Any CPU.Build.0 = Debug|Any CPU
		{57F10ECE-E167-4C50-AA31-DAA91E651843}.Release|Any CPU.ActiveCfg = Release|Any CPU
		{57F10ECE-E167-4C50-AA31-DAA91E651843}.Release|Any CPU.Build.0 = Release|Any CPU
		{2E02A4A3-ED27-4306-855D-399D43EC2702}.Debug|Any CPU.ActiveCfg = Debug|Any CPU
		{2E02A4A3-ED27-4306-855D-399D43EC2702}.Debug|Any CPU.Build.0 = Debug|Any CPU
		{2E02A4A3-ED27-4306-855D-399D43EC2702}.Release|Any CPU.ActiveCfg = Release|Any CPU
		{2E02A4A3-ED27-4306-855D-399D43EC2702}.Release|Any CPU.Build.0 = Release|Any CPU
	EndGlobalSection
	GlobalSection(SolutionProperties) = preSolution
		HideSolutionNode = FALSE
	EndGlobalSection
	GlobalSection(ExtensibilityGlobals) = postSolution
		SolutionGuid = {FF3F770E-C8B1-44D5-BBD3-CF27F7ACE0F0}
	EndGlobalSection
	GlobalSection(NestedProjects) = preSolution
		{1EF74283-466B-423A-AE04-5233D6EA211D} = {123EF9AB-6A7E-4267-80BD-24E79B5798EA}
		{00F4B662-7F0A-4BC0-9DD0-3C3912AF3DB6} = {123EF9AB-6A7E-4267-80BD-24E79B5798EA}
		{E2A2266A-BA8F-4731-9059-460870C94DA4} = {123EF9AB-6A7E-4267-80BD-24E79B5798EA}
		{2FCB92D6-5E6E-4DFD-AF44-DBD27391272A} = {123EF9AB-6A7E-4267-80BD-24E79B5798EA}
		{57F10ECE-E167-4C50-AA31-DAA91E651843} = {123EF9AB-6A7E-4267-80BD-24E79B5798EA}
	EndGlobalSection
EndGlobal
